{
  "name": "mintnft",
  "version": "1.0.0",
  "lockfileVersion": 2,
  "requires": true,
  "packages": {
    "": {
      "name": "mintnft",
      "version": "1.0.0",
      "license": "ISC",
      "dependencies": {
        "crypto": "^1.0.1",
        "node-csv-json": "^0.2.1"
      }
    },
    "node_modules/crypto": {
      "version": "1.0.1",
      "resolved": "https://registry.npmjs.org/crypto/-/crypto-1.0.1.tgz",
      "integrity": "sha512-VxBKmeNcqQdiUQUW2Tzq0t377b54N2bMtXO/qiLa+6eRRmmC4qT3D4OnTGoT/U6O9aklQ/jTwbOtRMTTY8G0Ig==",
      "deprecated": "This package is no longer supported. It's now a built-in Node module. If you've depended on crypto, you should switch to the one that's built-in."
    },
    "node_modules/csv": {
      "version": "0.3.7",
      "resolved": "https://registry.npmjs.org/csv/-/csv-0.3.7.tgz",
      "integrity": "sha512-lByzL3ucZ5RnrWhBylhtu50Ti1J5ZZY7vsTEfdGqlKAgCcHD0P288DpBPfQg+MC+Ytor301q+yYnD4xfhHyI9g==",
      "engines": {
        "node": ">= 0.1.90"
      }
    },
    "node_modules/node-csv-json": {
      "version": "0.2.1",
      "resolved": "https://registry.npmjs.org/node-csv-json/-/node-csv-json-0.2.1.tgz",
      "integrity": "sha512-QTw1HOmFwSn1t8N1dNFdTW+vUiQ1qtEJkF4FlzrFvvyyBgX8UmC2uI6Vx+S58ugtiJOCm6naepqodXl0AvwbkQ==",
      "dependencies": {
        "csv": "~0.3.6"
      }
    }
  },
  "dependencies": {
    "crypto": {
      "version": "1.0.1",
      "resolved": "https://registry.npmjs.org/crypto/-/crypto-1.0.1.tgz",
      "integrity": "sha512-VxBKmeNcqQdiUQUW2Tzq0t377b54N2bMtXO/qiLa+6eRRmmC4qT3D4OnTGoT/U6O9aklQ/jTwbOtRMTTY8G0Ig=="
    },
    "csv": {
      "version": "0.3.7",
      "resolved": "https://registry.npmjs.org/csv/-/csv-0.3.7.tgz",
      "integrity": "sha512-lByzL3ucZ5RnrWhBylhtu50Ti1J5ZZY7vsTEfdGqlKAgCcHD0P288DpBPfQg+MC+Ytor301q+yYnD4xfhHyI9g=="
    },
    "node-csv-json": {
      "version": "0.2.1",
      "resolved": "https://registry.npmjs.org/node-csv-json/-/node-csv-json-0.2.1.tgz",
      "integrity": "sha512-QTw1HOmFwSn1t8N1dNFdTW+vUiQ1qtEJkF4FlzrFvvyyBgX8UmC2uI6Vx+S58ugtiJOCm6naepqodXl0AvwbkQ==",
      "requires": {
        "csv": "~0.3.6"
      }
    }
  }
}
